
Microsoft Visual Studio Solution File, Format Version 12.00
# Visual Studio Version 17
VisualStudioVersion = 17.4.33122.133
MinimumVisualStudioVersion = 10.0.40219.1
Project("{FAE04EC0-301F-11D3-BF4B-00C04F79EFBC}") = "MobileBank", "MobileBank.csproj", "{1C9CC660-3DAA-488B-ABB9-D40E911C1EAE}"
EndProject
Global
	GlobalSection(SolutionConfigurationPlatforms) = preSolution
		Debug|Any CPU = Debug|Any CPU
		Release|Any CPU = Release|Any CPU
	EndGlobalSection
	GlobalSection(ProjectConfigurationPlatforms) = postSolution
		{1C9CC660-3DAA-488B-ABB9-D40E911C1EAE}.Debug|Any CPU.ActiveCfg = Debug|Any CPU
		{1C9CC660-3DAA-488B-ABB9-D40E911C1EAE}.Debug|Any CPU.Build.0 = Debug|Any CPU
		{1C9CC660-3DAA-488B-ABB9-D40E911C1EAE}.Release|Any CPU.ActiveCfg = Release|Any CPU
		{1C9CC660-3DAA-488B-ABB9-D40E911C1EAE}.Release|Any CPU.Build.0 = Release|Any CPU
	EndGlobalSection
	GlobalSection(SolutionProperties) = preSolution
		HideSolutionNode = FALSE
	EndGlobalSection
	GlobalSection(ExtensibilityGlobals) = postSolution
		SolutionGuid = {5E31FCFF-9B5E-440F-9466-CB11A4E20369}
	EndGlobalSection
EndGlobal
